
Microsoft Visual Studio Solution File, Format Version 12.00
# Visual Studio 15
VisualStudioVersion = 15.0.28307.1259
MinimumVisualStudioVersion = 10.0.40219.1
Project("{FAE04EC0-301F-11D3-BF4B-00C04F79EFBC}") = "Client_Fakhrizar Rifqi Fuad_044", "Client_Fakhrizar Rifqi Fuad_044\Client_Fakhrizar Rifqi Fuad_044.csproj", "{6CD89726-7843-4C17-8479-07AFA985FC6E}"
EndProject
Global
	GlobalSection(SolutionConfigurationPlatforms) = preSolution
		Debug|Any CPU = Debug|Any CPU
		Release|Any CPU = Release|Any CPU
	EndGlobalSection
	GlobalSection(ProjectConfigurationPlatforms) = postSolution
		{6CD89726-7843-4C17-8479-07AFA985FC6E}.Debug|Any CPU.ActiveCfg = Debug|Any CPU
		{6CD89726-7843-4C17-8479-07AFA985FC6E}.Debug|Any CPU.Build.0 = Debug|Any CPU
		{6CD89726-7843-4C17-8479-07AFA985FC6E}.Release|Any CPU.ActiveCfg = Release|Any CPU
		{6CD89726-7843-4C17-8479-07AFA985FC6E}.Release|Any CPU.Build.0 = Release|Any CPU
	EndGlobalSection
	GlobalSection(SolutionProperties) = preSolution
		HideSolutionNode = FALSE
	EndGlobalSection
	GlobalSection(ExtensibilityGlobals) = postSolution
		SolutionGuid = {E664FBBE-EEFA-45CA-AEAA-CAAB3A5ABBB8}
	EndGlobalSection
EndGlobal
